# This file is automatically @generated by Cargo.
# It is not intended for manual editing.
version = 3

[[package]]
name = "sqrt"
version = "0.1.1"
source = "registry+https://github.com/rust-lang/crates.io-index"
checksum = "a311fb89459f42f702c0a8637686892a68383729becd15baa8e29c8862511f22"

[[package]]
name = "stats"
version = "0.1.0"
dependencies = [
 "sqrt",
]
